lockfileVersion: '9.0'

settings:
  autoInstallPeers: true
  excludeLinksFromLockfile: false

importers:

  .:
    dependencies:
      '@tanstack/react-query':
        specifier: ^5.90.2
        version: 5.90.2(react@19.1.1)
      '@tanstack/react-query-devtools':
        specifier: ^5.90.2
        version: 5.90.2(@tanstack/react-query@5.90.2(react@19.1.1))(react@19.1.1)

packages:

  '@tanstack/query-core@5.90.2':
    resolution: {integrity: sha512-k/TcR3YalnzibscALLwxeiLUub6jN5EDLwKDiO7q5f4ICEoptJ+n9+7vcEFy5/x/i6Q+Lb/tXrsKCggf5uQJXQ==, tarball: https://registry.npmmirror.com/@tanstack/query-core/-/query-core-5.90.2.tgz}

  '@tanstack/query-devtools@5.90.1':
    resolution: {integrity: sha512-GtINOPjPUH0OegJExZ70UahT9ykmAhmtNVcmtdnOZbxLwT7R5OmRztR5Ahe3/Cu7LArEmR6/588tAycuaWb1xQ==, tarball: https://registry.npmmirror.com/@tanstack/query-devtools/-/query-devtools-5.90.1.tgz}

  '@tanstack/react-query-devtools@5.90.2':
    resolution: {integrity: sha512-vAXJzZuBXtCQtrY3F/yUNJCV4obT/A/n81kb3+YqLbro5Z2+phdAbceO+deU3ywPw8B42oyJlp4FhO0SoivDFQ==, tarball: https://registry.npmmirror.com/@tanstack/react-query-devtools/-/react-query-devtools-5.90.2.tgz}
    peerDependencies:
      '@tanstack/react-query': ^5.90.2
      react: ^18 || ^19

  '@tanstack/react-query@5.90.2':
    resolution: {integrity: sha512-CLABiR+h5PYfOWr/z+vWFt5VsOA2ekQeRQBFSKlcoW6Ndx/f8rfyVmq4LbgOM4GG2qtxAxjLYLOpCNTYm4uKzw==, tarball: https://registry.npmmirror.com/@tanstack/react-query/-/react-query-5.90.2.tgz}
    peerDependencies:
      react: ^18 || ^19

  react@19.1.1:
    resolution: {integrity: sha512-w8nqGImo45dmMIfljjMwOGtbmC/mk4CMYhWIicdSflH91J9TyCyczcPFXJzrZ/ZXcgGRFeP6BU0BEJTw6tZdfQ==, tarball: https://registry.npmmirror.com/react/-/react-19.1.1.tgz}
    engines: {node: '>=0.10.0'}

snapshots:

  '@tanstack/query-core@5.90.2': {}

  '@tanstack/query-devtools@5.90.1': {}

  '@tanstack/react-query-devtools@5.90.2(@tanstack/react-query@5.90.2(react@19.1.1))(react@19.1.1)':
    dependencies:
      '@tanstack/query-devtools': 5.90.1
      '@tanstack/react-query': 5.90.2(react@19.1.1)
      react: 19.1.1

  '@tanstack/react-query@5.90.2(react@19.1.1)':
    dependencies:
      '@tanstack/query-core': 5.90.2
      react: 19.1.1

  react@19.1.1: {}
